// !$*UTF8*$!
{
	archiveVersion = 1;
	classes = {
	};
	objectVersion = 46;
	objects = {

/* Begin PBXBuildFile section */
		BC418C7F166F56B5007789E5 /* HotkeyManager.m in Sources */ = {isa = PBXBuildFile; fileRef = BC418C7E166F56B5007789E5 /* HotkeyManager.m */; };
		BC502C74166F6F0B0075E4D8 /* MainMenu.nib in Resources */ = {isa = PBXBuildFile; fileRef = BC502C73166F6F0B0075E4D8 /* MainMenu.nib */; };
		BC605B0A165B71D500933942 /* Defaults.plist in Resources */ = {isa = PBXBuildFile; fileRef = BC605B08165B71D500933942 /* Defaults.plist */; };
		BC68B2D41653CE2C009465F5 /* DDHotKeyCenter.m in Sources */ = {isa = PBXBuildFile; fileRef = BC68B2D31653CE2C009465F5 /* DDHotKeyCenter.m */; settings = {COMPILER_FLAGS = "-fno-objc-arc"; }; };
		BC68B2D81653CF92009465F5 /* Carbon.framework in Frameworks */ = {isa = PBXBuildFile; fileRef = BC68B2D71653CF92009465F5 /* Carbon.framework */; };
		BC751357167F393C00A970E4 /* ZeroKit.framework in Frameworks */ = {isa = PBXBuildFile; fileRef = BC751356167F393C00A970E4 /* ZeroKit.framework */; };
		BC8DDBC31670DB3D0098F508 /* Blacklist.plist in Resources */ = {isa = PBXBuildFile; fileRef = BC8DDBC11670DB3D0098F508 /* Blacklist.plist */; };
		BC9736A716806798002304FA /* BrowsersMenu.m in Sources */ = {isa = PBXBuildFile; fileRef = BC9736A616806798002304FA /* BrowsersMenu.m */; };
		BC9736B01680ACC1002304FA /* BrowserItem.m in Sources */ = {isa = PBXBuildFile; fileRef = BC9736AF1680ACC1002304FA /* BrowserItem.m */; };
		BC9C5498165E57A80098709F /* PrefsController.m in Sources */ = {isa = PBXBuildFile; fileRef = BC9C5496165E57A80098709F /* PrefsController.m */; };
		BC9C5499165E57A80098709F /* PrefsController.xib in Resources */ = {isa = PBXBuildFile; fileRef = BC9C5497165E57A80098709F /* PrefsController.xib */; };
		BCB54DE3164291F8003A59DF /* Cocoa.framework in Frameworks */ = {isa = PBXBuildFile; fileRef = BCB54DE2164291F8003A59DF /* Cocoa.framework */; };
		BCB54DED164291F8003A59DF /* InfoPlist.strings in Resources */ = {isa = PBXBuildFile; fileRef = BCB54DEB164291F8003A59DF /* InfoPlist.strings */; };
		BCB54DEF164291F8003A59DF /* main.m in Sources */ = {isa = PBXBuildFile; fileRef = BCB54DEE164291F8003A59DF /* main.m */; };
		BCB54DF3164291F8003A59DF /* Credits.rtf in Resources */ = {isa = PBXBuildFile; fileRef = BCB54DF1164291F8003A59DF /* Credits.rtf */; };
		BCB54DF6164291F8003A59DF /* AppDelegate.m in Sources */ = {isa = PBXBuildFile; fileRef = BCB54DF5164291F8003A59DF /* AppDelegate.m */; };
		BCB54E01164291F8003A59DF /* SenTestingKit.framework in Frameworks */ = {isa = PBXBuildFile; fileRef = BCB54E00164291F8003A59DF /* SenTestingKit.framework */; };
		BCB54E02164291F8003A59DF /* Cocoa.framework in Frameworks */ = {isa = PBXBuildFile; fileRef = BCB54DE2164291F8003A59DF /* Cocoa.framework */; };
		BCB54E0A164291F8003A59DF /* InfoPlist.strings in Resources */ = {isa = PBXBuildFile; fileRef = BCB54E08164291F8003A59DF /* InfoPlist.strings */; };
		BCB54E0D164291F8003A59DF /* browser_selectorTests.m in Sources */ = {isa = PBXBuildFile; fileRef = BCB54E0C164291F8003A59DF /* browser_selectorTests.m */; };
		BCB54E191642926D003A59DF /* NSWorkspace+Utils.m in Sources */ = {isa = PBXBuildFile; fileRef = BCB54E181642926D003A59DF /* NSWorkspace+Utils.m */; settings = {COMPILER_FLAGS = "-fno-objc-arc"; }; };
		BCBC14FB167F0E06007D12E3 /* QuartzCore.framework in Frameworks */ = {isa = PBXBuildFile; fileRef = BCBC14FA167F0E06007D12E3 /* QuartzCore.framework */; };
		BCCF8A7A167F37CA00ACCB83 /* ZeroKit.framework in Copy Frameworks */ = {isa = PBXBuildFile; fileRef = BCCF8A77167F379E00ACCB83 /* ZeroKit.framework */; };
		BCE2D47C1681B36600F4B40D /* Localizable.strings in Resources */ = {isa = PBXBuildFile; fileRef = BC9736A81680A8D0002304FA /* Localizable.strings */; };
		BCE2D47F1681B76200F4B40D /* OverlayWindow.m in Sources */ = {isa = PBXBuildFile; fileRef = BCE2D47E1681B76200F4B40D /* OverlayWindow.m */; };
		BCE2D4861681CD4300F4B40D /* OverlayWindowView.m in Sources */ = {isa = PBXBuildFile; fileRef = BCE2D4851681CD4300F4B40D /* OverlayWindowView.m */; };
		BCFF40CD167F3D8D00F9B8C5 /* ImageUtils.m in Sources */ = {isa = PBXBuildFile; fileRef = BCFF40CC167F3D8D00F9B8C5 /* ImageUtils.m */; };
/* End PBXBuildFile section */

/* Begin PBXContainerItemProxy section */
		BCB54E03164291F8003A59DF /* PBXContainerItemProxy */ = {
			isa = PBXContainerItemProxy;
			containerPortal = BCB54DD5164291F8003A59DF /* Project object */;
			proxyType = 1;
			remoteGlobalIDString = BCB54DDD164291F8003A59DF;
			remoteInfo = "browser-selector";
		};
		BCCF8A76167F379E00ACCB83 /* PBXContainerItemProxy */ = {
			isa = PBXContainerItemProxy;
			containerPortal = BCCF8A6F167F379D00ACCB83 /* ZeroKit.xcodeproj */;
			proxyType = 2;
			remoteGlobalIDString = 8DC2EF5B0486A6940098B216;
			remoteInfo = ZeroKit;
		};
		BCCF8A78167F37B700ACCB83 /* PBXContainerItemProxy */ = {
			isa = PBXContainerItemProxy;
			containerPortal = BCCF8A6F167F379D00ACCB83 /* ZeroKit.xcodeproj */;
			proxyType = 1;
			remoteGlobalIDString = 8DC2EF4F0486A6940098B216;
			remoteInfo = ZeroKit;
		};
/* End PBXContainerItemProxy section */

/* Begin PBXCopyFilesBuildPhase section */
		BCBC14FF167F23DD007D12E3 /* Copy Frameworks */ = {
			isa = PBXCopyFilesBuildPhase;
			buildActionMask = 2147483647;
			dstPath = "";
			dstSubfolderSpec = 10;
			files = (
				BCCF8A7A167F37CA00ACCB83 /* ZeroKit.framework in Copy Frameworks */,
			);
			name = "Copy Frameworks";
			runOnlyForDeploymentPostprocessing = 0;
		};
/* End PBXCopyFilesBuildPhase section */

/* Begin PBXFileReference section */
		BC418C7D166F56B5007789E5 /* HotkeyManager.h */ = {isa = PBXFileReference; fileEncoding = 4; lastKnownFileType = sourcecode.c.h; path = HotkeyManager.h; sourceTree = "<group>"; };
		BC418C7E166F56B5007789E5 /* HotkeyManager.m */ = {isa = PBXFileReference; fileEncoding = 4; lastKnownFileType = sourcecode.c.objc; path = HotkeyManager.m; sourceTree = "<group>"; };
		BC502C73166F6F0B0075E4D8 /* MainMenu.nib */ = {isa = PBXFileReference; lastKnownFileType = file.bplist; path = MainMenu.nib; sourceTree = "<group>"; };
		BC605B09165B71D500933942 /* en */ = {isa = PBXFileReference; lastKnownFileType = text.plist.xml; name = en; path = en.lproj/Defaults.plist; sourceTree = "<group>"; };
		BC68B2D21653CE2C009465F5 /* DDHotKeyCenter.h */ = {isa = PBXFileReference; fileEncoding = 4; lastKnownFileType = sourcecode.c.h; name = DDHotKeyCenter.h; path = ddhotkey/DDHotKeyCenter.h; sourceTree = "<group>"; };
		BC68B2D31653CE2C009465F5 /* DDHotKeyCenter.m */ = {isa = PBXFileReference; fileEncoding = 4; lastKnownFileType = sourcecode.c.objc; name = DDHotKeyCenter.m; path = ddhotkey/DDHotKeyCenter.m; sourceTree = "<group>"; };
		BC68B2D71653CF92009465F5 /* Carbon.framework */ = {isa = PBXFileReference; lastKnownFileType = wrapper.framework; name = Carbon.framework; path = System/Library/Frameworks/Carbon.framework; sourceTree = SDKROOT; };
		BC751356167F393C00A970E4 /* ZeroKit.framework */ = {isa = PBXFileReference; lastKnownFileType = wrapper.framework; path = ZeroKit.framework; sourceTree = "<group>"; };
		BC7F331E1642A63700A2DAFD /* Constants.h */ = {isa = PBXFileReference; fileEncoding = 4; lastKnownFileType = sourcecode.c.h; path = Constants.h; sourceTree = "<group>"; };
		BC8DDBC21670DB3D0098F508 /* en */ = {isa = PBXFileReference; lastKnownFileType = text.plist.xml; name = en; path = en.lproj/Blacklist.plist; sourceTree = "<group>"; };
		BC9736A516806798002304FA /* BrowsersMenu.h */ = {isa = PBXFileReference; fileEncoding = 4; lastKnownFileType = sourcecode.c.h; path = BrowsersMenu.h; sourceTree = "<group>"; };
		BC9736A616806798002304FA /* BrowsersMenu.m */ = {isa = PBXFileReference; fileEncoding = 4; lastKnownFileType = sourcecode.c.objc; path = BrowsersMenu.m; sourceTree = "<group>"; };
		BC9736A91680A8D0002304FA /* en */ = {isa = PBXFileReference; fileEncoding = 10; lastKnownFileType = text.plist.strings; name = en; path = en.lproj/Localizable.strings; sourceTree = "<group>"; };
		BC9736AE1680ACC1002304FA /* BrowserItem.h */ = {isa = PBXFileReference; fileEncoding = 4; lastKnownFileType = sourcecode.c.h; path = BrowserItem.h; sourceTree = "<group>"; };
		BC9736AF1680ACC1002304FA /* BrowserItem.m */ = {isa = PBXFileReference; fileEncoding = 4; lastKnownFileType = sourcecode.c.objc; path = BrowserItem.m; sourceTree = "<group>"; };
		BC9C5495165E57A80098709F /* PrefsController.h */ = {isa = PBXFileReference; fileEncoding = 4; lastKnownFileType = sourcecode.c.h; path = PrefsController.h; sourceTree = "<group>"; };
		BC9C5496165E57A80098709F /* PrefsController.m */ = {isa = PBXFileReference; fileEncoding = 4; lastKnownFileType = sourcecode.c.objc; path = PrefsController.m; sourceTree = "<group>"; };
		BC9C5497165E57A80098709F /* PrefsController.xib */ = {isa = PBXFileReference; fileEncoding = 4; lastKnownFileType = file.xib; path = PrefsController.xib; sourceTree = "<group>"; };
		BCB54DDE164291F8003A59DF /* browser-selector.app */ = {isa = PBXFileReference; explicitFileType = wrapper.application; includeInIndex = 0; path = "browser-selector.app"; sourceTree = BUILT_PRODUCTS_DIR; };
		BCB54DE2164291F8003A59DF /* Cocoa.framework */ = {isa = PBXFileReference; lastKnownFileType = wrapper.framework; name = Cocoa.framework; path = System/Library/Frameworks/Cocoa.framework; sourceTree = SDKROOT; };
		BCB54DE5164291F8003A59DF /* AppKit.framework */ = {isa = PBXFileReference; lastKnownFileType = wrapper.framework; name = AppKit.framework; path = System/Library/Frameworks/AppKit.framework; sourceTree = SDKROOT; };
		BCB54DE6164291F8003A59DF /* CoreData.framework */ = {isa = PBXFileReference; lastKnownFileType = wrapper.framework; name = CoreData.framework; path = System/Library/Frameworks/CoreData.framework; sourceTree = SDKROOT; };
		BCB54DE7164291F8003A59DF /* Foundation.framework */ = {isa = PBXFileReference; lastKnownFileType = wrapper.framework; name = Foundation.framework; path = System/Library/Frameworks/Foundation.framework; sourceTree = SDKROOT; };
		BCB54DEA164291F8003A59DF /* browser-selector-Info.plist */ = {isa = PBXFileReference; lastKnownFileType = text.plist.xml; path = "browser-selector-Info.plist"; sourceTree = "<group>"; };
		BCB54DEC164291F8003A59DF /* en */ = {isa = PBXFileReference; lastKnownFileType = text.plist.strings; name = en; path = en.lproj/InfoPlist.strings; sourceTree = "<group>"; };
		BCB54DEE164291F8003A59DF /* main.m */ = {isa = PBXFileReference; lastKnownFileType = sourcecode.c.objc; path = main.m; sourceTree = "<group>"; };
		BCB54DF0164291F8003A59DF /* browser-selector-Prefix.pch */ = {isa = PBXFileReference; lastKnownFileType = sourcecode.c.h; path = "browser-selector-Prefix.pch"; sourceTree = "<group>"; };
		BCB54DF2164291F8003A59DF /* en */ = {isa = PBXFileReference; lastKnownFileType = text.rtf; name = en; path = en.lproj/Credits.rtf; sourceTree = "<group>"; };
		BCB54DF4164291F8003A59DF /* AppDelegate.h */ = {isa = PBXFileReference; lastKnownFileType = sourcecode.c.h; path = AppDelegate.h; sourceTree = "<group>"; };
		BCB54DF5164291F8003A59DF /* AppDelegate.m */ = {isa = PBXFileReference; lastKnownFileType = sourcecode.c.objc; path = AppDelegate.m; sourceTree = "<group>"; };
		BCB54DFF164291F8003A59DF /* browser-selectorTests.octest */ = {isa = PBXFileReference; explicitFileType = wrapper.cfbundle; includeInIndex = 0; path = "browser-selectorTests.octest"; sourceTree = BUILT_PRODUCTS_DIR; };
		BCB54E00164291F8003A59DF /* SenTestingKit.framework */ = {isa = PBXFileReference; lastKnownFileType = wrapper.framework; name = SenTestingKit.framework; path = Library/Frameworks/SenTestingKit.framework; sourceTree = DEVELOPER_DIR; };
		BCB54E07164291F8003A59DF /* browser-selectorTests-Info.plist */ = {isa = PBXFileReference; lastKnownFileType = text.plist.xml; path = "browser-selectorTests-Info.plist"; sourceTree = "<group>"; };
		BCB54E09164291F8003A59DF /* en */ = {isa = PBXFileReference; lastKnownFileType = text.plist.strings; name = en; path = en.lproj/InfoPlist.strings; sourceTree = "<group>"; };
		BCB54E0B164291F8003A59DF /* browser_selectorTests.h */ = {isa = PBXFileReference; lastKnownFileType = sourcecode.c.h; path = browser_selectorTests.h; sourceTree = "<group>"; };
		BCB54E0C164291F8003A59DF /* browser_selectorTests.m */ = {isa = PBXFileReference; lastKnownFileType = sourcecode.c.objc; path = browser_selectorTests.m; sourceTree = "<group>"; };
		BCB54E171642926D003A59DF /* NSWorkspace+Utils.h */ = {isa = PBXFileReference; fileEncoding = 4; lastKnownFileType = sourcecode.c.h; name = "NSWorkspace+Utils.h"; path = "mozilla/NSWorkspace+Utils.h"; sourceTree = "<group>"; };
		BCB54E181642926D003A59DF /* NSWorkspace+Utils.m */ = {isa = PBXFileReference; fileEncoding = 4; lastKnownFileType = sourcecode.c.objc; name = "NSWorkspace+Utils.m"; path = "mozilla/NSWorkspace+Utils.m"; sourceTree = "<group>"; };
		BCBC14FA167F0E06007D12E3 /* QuartzCore.framework */ = {isa = PBXFileReference; lastKnownFileType = wrapper.framework; name = QuartzCore.framework; path = System/Library/Frameworks/QuartzCore.framework; sourceTree = SDKROOT; };
		BCCF8A6F167F379D00ACCB83 /* ZeroKit.xcodeproj */ = {isa = PBXFileReference; lastKnownFileType = "wrapper.pb-project"; name = ZeroKit.xcodeproj; path = "browser-selector/Frameworks/ZeroKit/ZeroKit.xcodeproj"; sourceTree = "<group>"; };
		BCE2D47D1681B76200F4B40D /* OverlayWindow.h */ = {isa = PBXFileReference; fileEncoding = 4; lastKnownFileType = sourcecode.c.h; path = OverlayWindow.h; sourceTree = "<group>"; };
		BCE2D47E1681B76200F4B40D /* OverlayWindow.m */ = {isa = PBXFileReference; fileEncoding = 4; lastKnownFileType = sourcecode.c.objc; path = OverlayWindow.m; sourceTree = "<group>"; };
		BCE2D4841681CD4300F4B40D /* OverlayWindowView.h */ = {isa = PBXFileReference; fileEncoding = 4; lastKnownFileType = sourcecode.c.h; path = OverlayWindowView.h; sourceTree = "<group>"; };
		BCE2D4851681CD4300F4B40D /* OverlayWindowView.m */ = {isa = PBXFileReference; fileEncoding = 4; lastKnownFileType = sourcecode.c.objc; path = OverlayWindowView.m; sourceTree = "<group>"; };
		BCFF40CB167F3D8D00F9B8C5 /* ImageUtils.h */ = {isa = PBXFileReference; fileEncoding = 4; lastKnownFileType = sourcecode.c.h; path = ImageUtils.h; sourceTree = "<group>"; };
		BCFF40CC167F3D8D00F9B8C5 /* ImageUtils.m */ = {isa = PBXFileReference; fileEncoding = 4; lastKnownFileType = sourcecode.c.objc; path = ImageUtils.m; sourceTree = "<group>"; };
/* End PBXFileReference section */

/* Begin PBXFrameworksBuildPhase section */
		BCB54DDB164291F8003A59DF /* Frameworks */ = {
			isa = PBXFrameworksBuildPhase;
			buildActionMask = 2147483647;
			files = (
				BCBC14FB167F0E06007D12E3 /* QuartzCore.framework in Frameworks */,
				BC68B2D81653CF92009465F5 /* Carbon.framework in Frameworks */,
				BCB54DE3164291F8003A59DF /* Cocoa.framework in Frameworks */,
				BC751357167F393C00A970E4 /* ZeroKit.framework in Frameworks */,
			);
			runOnlyForDeploymentPostprocessing = 0;
		};
		BCB54DFB164291F8003A59DF /* Frameworks */ = {
			isa = PBXFrameworksBuildPhase;
			buildActionMask = 2147483647;
			files = (
				BCB54E01164291F8003A59DF /* SenTestingKit.framework in Frameworks */,
				BCB54E02164291F8003A59DF /* Cocoa.framework in Frameworks */,
			);
			runOnlyForDeploymentPostprocessing = 0;
		};
/* End PBXFrameworksBuildPhase section */

/* Begin PBXGroup section */
		BC68B2D61653CE33009465F5 /* ddhotkey */ = {
			isa = PBXGroup;
			children = (
				BC68B2D21653CE2C009465F5 /* DDHotKeyCenter.h */,
				BC68B2D31653CE2C009465F5 /* DDHotKeyCenter.m */,
			);
			name = ddhotkey;
			sourceTree = "<group>";
		};
		BCB54DD3164291F8003A59DF = {
			isa = PBXGroup;
			children = (
				BCCF8A6F167F379D00ACCB83 /* ZeroKit.xcodeproj */,
				BCB54DE8164291F8003A59DF /* browser-selector */,
				BCB54E05164291F8003A59DF /* browser-selectorTests */,
				BCB54DE1164291F8003A59DF /* Frameworks */,
				BCB54DDF164291F8003A59DF /* Products */,
			);
			sourceTree = "<group>";
		};
		BCB54DDF164291F8003A59DF /* Products */ = {
			isa = PBXGroup;
			children = (
				BCB54DDE164291F8003A59DF /* browser-selector.app */,
				BCB54DFF164291F8003A59DF /* browser-selectorTests.octest */,
			);
			name = Products;
			sourceTree = "<group>";
		};
		BCB54DE1164291F8003A59DF /* Frameworks */ = {
			isa = PBXGroup;
			children = (
				BC751356167F393C00A970E4 /* ZeroKit.framework */,
				BCBC14FA167F0E06007D12E3 /* QuartzCore.framework */,
				BC68B2D71653CF92009465F5 /* Carbon.framework */,
				BCB54DE2164291F8003A59DF /* Cocoa.framework */,
				BCB54E00164291F8003A59DF /* SenTestingKit.framework */,
				BCB54DE4164291F8003A59DF /* Other Frameworks */,
			);
			name = Frameworks;
			sourceTree = "<group>";
		};
		BCB54DE4164291F8003A59DF /* Other Frameworks */ = {
			isa = PBXGroup;
			children = (
				BCB54DE5164291F8003A59DF /* AppKit.framework */,
				BCB54DE6164291F8003A59DF /* CoreData.framework */,
				BCB54DE7164291F8003A59DF /* Foundation.framework */,
			);
			name = "Other Frameworks";
			sourceTree = "<group>";
		};
		BCB54DE8164291F8003A59DF /* browser-selector */ = {
			isa = PBXGroup;
			children = (
				BC68B2D61653CE33009465F5 /* ddhotkey */,
				BCB54E1F1642981C003A59DF /* mozilla */,
				BCB54DE9164291F8003A59DF /* Supporting Files */,
				BC7F331E1642A63700A2DAFD /* Constants.h */,
				BC9736AE1680ACC1002304FA /* BrowserItem.h */,
				BC9736AF1680ACC1002304FA /* BrowserItem.m */,
				BCB54DF4164291F8003A59DF /* AppDelegate.h */,
				BCB54DF5164291F8003A59DF /* AppDelegate.m */,
				BCFF40CB167F3D8D00F9B8C5 /* ImageUtils.h */,
				BCFF40CC167F3D8D00F9B8C5 /* ImageUtils.m */,
				BC9736A516806798002304FA /* BrowsersMenu.h */,
				BC9736A616806798002304FA /* BrowsersMenu.m */,
				BC9C5497165E57A80098709F /* PrefsController.xib */,
				BC9C5495165E57A80098709F /* PrefsController.h */,
				BC9C5496165E57A80098709F /* PrefsController.m */,
				BCE2D47D1681B76200F4B40D /* OverlayWindow.h */,
				BCE2D47E1681B76200F4B40D /* OverlayWindow.m */,
				BCE2D4841681CD4300F4B40D /* OverlayWindowView.h */,
				BCE2D4851681CD4300F4B40D /* OverlayWindowView.m */,
				BC418C7D166F56B5007789E5 /* HotkeyManager.h */,
				BC418C7E166F56B5007789E5 /* HotkeyManager.m */,
			);
			path = "browser-selector";
			sourceTree = "<group>";
		};
		BCB54DE9164291F8003A59DF /* Supporting Files */ = {
			isa = PBXGroup;
			children = (
				BC9736A81680A8D0002304FA /* Localizable.strings */,
				BC502C73166F6F0B0075E4D8 /* MainMenu.nib */,
				BCB54DEA164291F8003A59DF /* browser-selector-Info.plist */,
				BCB54DEB164291F8003A59DF /* InfoPlist.strings */,
				BCB54DEE164291F8003A59DF /* main.m */,
				BCB54DF0164291F8003A59DF /* browser-selector-Prefix.pch */,
				BCB54DF1164291F8003A59DF /* Credits.rtf */,
				BC605B08165B71D500933942 /* Defaults.plist */,
				BC8DDBC11670DB3D0098F508 /* Blacklist.plist */,
			);
			name = "Supporting Files";
			sourceTree = "<group>";
		};
		BCB54E05164291F8003A59DF /* browser-selectorTests */ = {
			isa = PBXGroup;
			children = (
				BCB54E0B164291F8003A59DF /* browser_selectorTests.h */,
				BCB54E0C164291F8003A59DF /* browser_selectorTests.m */,
				BCB54E06164291F8003A59DF /* Supporting Files */,
			);
			path = "browser-selectorTests";
			sourceTree = "<group>";
		};
		BCB54E06164291F8003A59DF /* Supporting Files */ = {
			isa = PBXGroup;
			children = (
				BCB54E07164291F8003A59DF /* browser-selectorTests-Info.plist */,
				BCB54E08164291F8003A59DF /* InfoPlist.strings */,
			);
			name = "Supporting Files";
			sourceTree = "<group>";
		};
		BCB54E1F1642981C003A59DF /* mozilla */ = {
			isa = PBXGroup;
			children = (
				BCB54E171642926D003A59DF /* NSWorkspace+Utils.h */,
				BCB54E181642926D003A59DF /* NSWorkspace+Utils.m */,
			);
			name = mozilla;
			sourceTree = "<group>";
		};
		BCCF8A70167F379D00ACCB83 /* Products */ = {
			isa = PBXGroup;
			children = (
				BCCF8A77167F379E00ACCB83 /* ZeroKit.framework */,
			);
			name = Products;
			sourceTree = "<group>";
		};
/* End PBXGroup section */

/* Begin PBXNativeTarget section */
		BCB54DDD164291F8003A59DF /* browser-selector */ = {
			isa = PBXNativeTarget;
			buildConfigurationList = BCB54E10164291F8003A59DF /* Build configuration list for PBXNativeTarget "browser-selector" */;
			buildPhases = (
				BCB54DDA164291F8003A59DF /* Sources */,
				BCBC14FF167F23DD007D12E3 /* Copy Frameworks */,
				BCB54DDB164291F8003A59DF /* Frameworks */,
				BCB54DDC164291F8003A59DF /* Resources */,
			);
			buildRules = (
			);
			dependencies = (
				BCCF8A79167F37B700ACCB83 /* PBXTargetDependency */,
			);
			name = "browser-selector";
			productName = "browser-selector";
			productReference = BCB54DDE164291F8003A59DF /* browser-selector.app */;
			productType = "com.apple.product-type.application";
		};
		BCB54DFE164291F8003A59DF /* browser-selectorTests */ = {
			isa = PBXNativeTarget;
			buildConfigurationList = BCB54E13164291F8003A59DF /* Build configuration list for PBXNativeTarget "browser-selectorTests" */;
			buildPhases = (
				BCB54DFA164291F8003A59DF /* Sources */,
				BCB54DFB164291F8003A59DF /* Frameworks */,
				BCB54DFC164291F8003A59DF /* Resources */,
				BCB54DFD164291F8003A59DF /* ShellScript */,
			);
			buildRules = (
			);
			dependencies = (
				BCB54E04164291F8003A59DF /* PBXTargetDependency */,
			);
			name = "browser-selectorTests";
			productName = "browser-selectorTests";
			productReference = BCB54DFF164291F8003A59DF /* browser-selectorTests.octest */;
			productType = "com.apple.product-type.bundle";
		};
/* End PBXNativeTarget section */

/* Begin PBXProject section */
		BCB54DD5164291F8003A59DF /* Project object */ = {
			isa = PBXProject;
			attributes = {
				LastUpgradeCheck = 0450;
				ORGANIZATIONNAME = "nth loop";
			};
			buildConfigurationList = BCB54DD8164291F8003A59DF /* Build configuration list for PBXProject "browser-selector" */;
			compatibilityVersion = "Xcode 3.2";
			developmentRegion = English;
			hasScannedForEncodings = 0;
			knownRegions = (
				en,
				English,
			);
			mainGroup = BCB54DD3164291F8003A59DF;
			productRefGroup = BCB54DDF164291F8003A59DF /* Products */;
			projectDirPath = "";
			projectReferences = (
				{
					ProductGroup = BCCF8A70167F379D00ACCB83 /* Products */;
					ProjectRef = BCCF8A6F167F379D00ACCB83 /* ZeroKit.xcodeproj */;
				},
			);
			projectRoot = "";
			targets = (
				BCB54DDD164291F8003A59DF /* browser-selector */,
				BCB54DFE164291F8003A59DF /* browser-selectorTests */,
			);
		};
/* End PBXProject section */

/* Begin PBXReferenceProxy section */
		BCCF8A77167F379E00ACCB83 /* ZeroKit.framework */ = {
			isa = PBXReferenceProxy;
			fileType = wrapper.framework;
			path = ZeroKit.framework;
			remoteRef = BCCF8A76167F379E00ACCB83 /* PBXContainerItemProxy */;
			sourceTree = BUILT_PRODUCTS_DIR;
		};
/* End PBXReferenceProxy section */

/* Begin PBXResourcesBuildPhase section */
		BCB54DDC164291F8003A59DF /* Resources */ = {
			isa = PBXResourcesBuildPhase;
			buildActionMask = 2147483647;
			files = (
				BCB54DED164291F8003A59DF /* InfoPlist.strings in Resources */,
				BCB54DF3164291F8003A59DF /* Credits.rtf in Resources */,
				BC605B0A165B71D500933942 /* Defaults.plist in Resources */,
				BC9C5499165E57A80098709F /* PrefsController.xib in Resources */,
				BC502C74166F6F0B0075E4D8 /* MainMenu.nib in Resources */,
				BC8DDBC31670DB3D0098F508 /* Blacklist.plist in Resources */,
				BCE2D47C1681B36600F4B40D /* Localizable.strings in Resources */,
			);
			runOnlyForDeploymentPostprocessing = 0;
		};
		BCB54DFC164291F8003A59DF /* Resources */ = {
			isa = PBXResourcesBuildPhase;
			buildActionMask = 2147483647;
			files = (
				BCB54E0A164291F8003A59DF /* InfoPlist.strings in Resources */,
			);
			runOnlyForDeploymentPostprocessing = 0;
		};
/* End PBXResourcesBuildPhase section */

/* Begin PBXShellScriptBuildPhase section */
		BCB54DFD164291F8003A59DF /* ShellScript */ = {
			isa = PBXShellScriptBuildPhase;
			buildActionMask = 2147483647;
			files = (
			);
			inputPaths = (
			);
			outputPaths = (
			);
			runOnlyForDeploymentPostprocessing = 0;
			shellPath = /bin/sh;
			shellScript = "# Run the unit tests in this test bundle.\n\"${SYSTEM_DEVELOPER_DIR}/Tools/RunUnitTests\"\n";
		};
/* End PBXShellScriptBuildPhase section */

/* Begin PBXSourcesBuildPhase section */
		BCB54DDA164291F8003A59DF /* Sources */ = {
			isa = PBXSourcesBuildPhase;
			buildActionMask = 2147483647;
			files = (
				BCB54DEF164291F8003A59DF /* main.m in Sources */,
				BCB54DF6164291F8003A59DF /* AppDelegate.m in Sources */,
				BCB54E191642926D003A59DF /* NSWorkspace+Utils.m in Sources */,
				BC68B2D41653CE2C009465F5 /* DDHotKeyCenter.m in Sources */,
				BC9C5498165E57A80098709F /* PrefsController.m in Sources */,
				BC418C7F166F56B5007789E5 /* HotkeyManager.m in Sources */,
				BCFF40CD167F3D8D00F9B8C5 /* ImageUtils.m in Sources */,
				BC9736A716806798002304FA /* BrowsersMenu.m in Sources */,
				BC9736B01680ACC1002304FA /* BrowserItem.m in Sources */,
				BCE2D47F1681B76200F4B40D /* OverlayWindow.m in Sources */,
				BCE2D4861681CD4300F4B40D /* OverlayWindowView.m in Sources */,
			);
			runOnlyForDeploymentPostprocessing = 0;
		};
		BCB54DFA164291F8003A59DF /* Sources */ = {
			isa = PBXSourcesBuildPhase;
			buildActionMask = 2147483647;
			files = (
				BCB54E0D164291F8003A59DF /* browser_selectorTests.m in Sources */,
			);
			runOnlyForDeploymentPostprocessing = 0;
		};
/* End PBXSourcesBuildPhase section */

/* Begin PBXTargetDependency section */
		BCB54E04164291F8003A59DF /* PBXTargetDependency */ = {
			isa = PBXTargetDependency;
			target = BCB54DDD164291F8003A59DF /* browser-selector */;
			targetProxy = BCB54E03164291F8003A59DF /* PBXContainerItemProxy */;
		};
		BCCF8A79167F37B700ACCB83 /* PBXTargetDependency */ = {
			isa = PBXTargetDependency;
			name = ZeroKit;
			targetProxy = BCCF8A78167F37B700ACCB83 /* PBXContainerItemProxy */;
		};
/* End PBXTargetDependency section */

/* Begin PBXVariantGroup section */
		BC605B08165B71D500933942 /* Defaults.plist */ = {
			isa = PBXVariantGroup;
			children = (
				BC605B09165B71D500933942 /* en */,
			);
			name = Defaults.plist;
			sourceTree = "<group>";
		};
		BC8DDBC11670DB3D0098F508 /* Blacklist.plist */ = {
			isa = PBXVariantGroup;
			children = (
				BC8DDBC21670DB3D0098F508 /* en */,
			);
			name = Blacklist.plist;
			sourceTree = "<group>";
		};
		BC9736A81680A8D0002304FA /* Localizable.strings */ = {
			isa = PBXVariantGroup;
			children = (
				BC9736A91680A8D0002304FA /* en */,
			);
			name = Localizable.strings;
			sourceTree = "<group>";
		};
		BCB54DEB164291F8003A59DF /* InfoPlist.strings */ = {
			isa = PBXVariantGroup;
			children = (
				BCB54DEC164291F8003A59DF /* en */,
			);
			name = InfoPlist.strings;
			sourceTree = "<group>";
		};
		BCB54DF1164291F8003A59DF /* Credits.rtf */ = {
			isa = PBXVariantGroup;
			children = (
				BCB54DF2164291F8003A59DF /* en */,
			);
			name = Credits.rtf;
			sourceTree = "<group>";
		};
		BCB54E08164291F8003A59DF /* InfoPlist.strings */ = {
			isa = PBXVariantGroup;
			children = (
				BCB54E09164291F8003A59DF /* en */,
			);
			name = InfoPlist.strings;
			sourceTree = "<group>";
		};
/* End PBXVariantGroup section */

/* Begin XCBuildConfiguration section */
		BCB54E0E164291F8003A59DF /* Debug */ = {
			isa = XCBuildConfiguration;
			buildSettings = {
				ALWAYS_SEARCH_USER_PATHS = NO;
				ARCHS = "$(ARCHS_STANDARD_64_BIT)";
				CLANG_CXX_LANGUAGE_STANDARD = "gnu++0x";
				CLANG_CXX_LIBRARY = "libc++";
				CLANG_ENABLE_OBJC_ARC = YES;
				CLANG_WARN_EMPTY_BODY = YES;
				CLANG_WARN__DUPLICATE_METHOD_MATCH = YES;
				COPY_PHASE_STRIP = NO;
				GCC_C_LANGUAGE_STANDARD = gnu99;
				GCC_DYNAMIC_NO_PIC = NO;
				GCC_ENABLE_OBJC_EXCEPTIONS = YES;
				GCC_OPTIMIZATION_LEVEL = 0;
				GCC_PREPROCESSOR_DEFINITIONS = (
					"DEBUG=1",
					"$(inherited)",
				);
				GCC_SYMBOLS_PRIVATE_EXTERN = NO;
				GCC_WARN_64_TO_32_BIT_CONVERSION = YES;
				GCC_WARN_ABOUT_RETURN_TYPE = YES;
				GCC_WARN_UNINITIALIZED_AUTOS = YES;
				GCC_WARN_UNUSED_VARIABLE = YES;
				MACOSX_DEPLOYMENT_TARGET = 10.8;
				ONLY_ACTIVE_ARCH = YES;
				SDKROOT = macosx;
			};
			name = Debug;
		};
		BCB54E0F164291F8003A59DF /* Release */ = {
			isa = XCBuildConfiguration;
			buildSettings = {
				ALWAYS_SEARCH_USER_PATHS = NO;
				ARCHS = "$(ARCHS_STANDARD_64_BIT)";
				CLANG_CXX_LANGUAGE_STANDARD = "gnu++0x";
				CLANG_CXX_LIBRARY = "libc++";
				CLANG_ENABLE_OBJC_ARC = YES;
				CLANG_WARN_EMPTY_BODY = YES;
				CLANG_WARN__DUPLICATE_METHOD_MATCH = YES;
				COPY_PHASE_STRIP = YES;
				DEBUG_INFORMATION_FORMAT = "dwarf-with-dsym";
				GCC_C_LANGUAGE_STANDARD = gnu99;
				GCC_ENABLE_OBJC_EXCEPTIONS = YES;
				GCC_WARN_64_TO_32_BIT_CONVERSION = YES;
				GCC_WARN_ABOUT_RETURN_TYPE = YES;
				GCC_WARN_UNINITIALIZED_AUTOS = YES;
				GCC_WARN_UNUSED_VARIABLE = YES;
				MACOSX_DEPLOYMENT_TARGET = 10.8;
				SDKROOT = macosx;
			};
			name = Release;
		};
		BCB54E11164291F8003A59DF /* Debug */ = {
			isa = XCBuildConfiguration;
			buildSettings = {
				ALWAYS_SEARCH_USER_PATHS = YES;
				COMBINE_HIDPI_IMAGES = YES;
				FRAMEWORK_SEARCH_PATHS = (
					"$(inherited)",
					"\"$(SRCROOT)\"",
				);
				GCC_PRECOMPILE_PREFIX_HEADER = YES;
				GCC_PREFIX_HEADER = "browser-selector/browser-selector-Prefix.pch";
				HEADER_SEARCH_PATHS = build/Debug;
				INFOPLIST_FILE = "browser-selector/browser-selector-Info.plist";
				MACOSX_DEPLOYMENT_TARGET = 10.7;
				PRODUCT_NAME = "$(TARGET_NAME)";
				SCAN_ALL_SOURCE_FILES_FOR_INCLUDES = NO;
				USER_HEADER_SEARCH_PATHS = build/Debug;
				WRAPPER_EXTENSION = app;
			};
			name = Debug;
		};
		BCB54E12164291F8003A59DF /* Release */ = {
			isa = XCBuildConfiguration;
			buildSettings = {
				ALWAYS_SEARCH_USER_PATHS = YES;
				COMBINE_HIDPI_IMAGES = YES;
				FRAMEWORK_SEARCH_PATHS = (
					"$(inherited)",
					"\"$(SRCROOT)\"",
				);
				GCC_PRECOMPILE_PREFIX_HEADER = YES;
				GCC_PREFIX_HEADER = "browser-selector/browser-selector-Prefix.pch";
				HEADER_SEARCH_PATHS = build/Release;
				INFOPLIST_FILE = "browser-selector/browser-selector-Info.plist";
				MACOSX_DEPLOYMENT_TARGET = 10.7;
				PRODUCT_NAME = "$(TARGET_NAME)";
				SCAN_ALL_SOURCE_FILES_FOR_INCLUDES = NO;
				USER_HEADER_SEARCH_PATHS = build/Release;
				WRAPPER_EXTENSION = app;
			};
			name = Release;
		};
		BCB54E14164291F8003A59DF /* Debug */ = {
			isa = XCBuildConfiguration;
			buildSettings = {
				BUNDLE_LOADER = "$(BUILT_PRODUCTS_DIR)/browser-selector.app/Contents/MacOS/browser-selector";
				COMBINE_HIDPI_IMAGES = YES;
				FRAMEWORK_SEARCH_PATHS = "\"$(DEVELOPER_LIBRARY_DIR)/Frameworks\"";
				GCC_PRECOMPILE_PREFIX_HEADER = YES;
				GCC_PREFIX_HEADER = "browser-selector/browser-selector-Prefix.pch";
				INFOPLIST_FILE = "browser-selectorTests/browser-selectorTests-Info.plist";
				PRODUCT_NAME = "$(TARGET_NAME)";
				TEST_HOST = "$(BUNDLE_LOADER)";
				WRAPPER_EXTENSION = octest;
			};
			name = Debug;
		};
		BCB54E15164291F8003A59DF /* Release */ = {
			isa = XCBuildConfiguration;
			buildSettings = {
				BUNDLE_LOADER = "$(BUILT_PRODUCTS_DIR)/browser-selector.app/Contents/MacOS/browser-selector";
				COMBINE_HIDPI_IMAGES = YES;
				FRAMEWORK_SEARCH_PATHS = "\"$(DEVELOPER_LIBRARY_DIR)/Frameworks\"";
				GCC_PRECOMPILE_PREFIX_HEADER = YES;
				GCC_PREFIX_HEADER = "browser-selector/browser-selector-Prefix.pch";
				INFOPLIST_FILE = "browser-selectorTests/browser-selectorTests-Info.plist";
				PRODUCT_NAME = "$(TARGET_NAME)";
				TEST_HOST = "$(BUNDLE_LOADER)";
				WRAPPER_EXTENSION = octest;
			};
			name = Release;
		};
/* End XCBuildConfiguration section */

/* Begin XCConfigurationList section */
		BCB54DD8164291F8003A59DF /* Build configuration list for PBXProject "browser-selector" */ = {
			isa = XCConfigurationList;
			buildConfigurations = (
				BCB54E0E164291F8003A59DF /* Debug */,
				BCB54E0F164291F8003A59DF /* Release */,
			);
			defaultConfigurationIsVisible = 0;
			defaultConfigurationName = Release;
		};
		BCB54E10164291F8003A59DF /* Build configuration list for PBXNativeTarget "browser-selector" */ = {
			isa = XCConfigurationList;
			buildConfigurations = (
				BCB54E11164291F8003A59DF /* Debug */,
				BCB54E12164291F8003A59DF /* Release */,
			);
			defaultConfigurationIsVisible = 0;
			defaultConfigurationName = Release;
		};
		BCB54E13164291F8003A59DF /* Build configuration list for PBXNativeTarget "browser-selectorTests" */ = {
			isa = XCConfigurationList;
			buildConfigurations = (
				BCB54E14164291F8003A59DF /* Debug */,
				BCB54E15164291F8003A59DF /* Release */,
			);
			defaultConfigurationIsVisible = 0;
			defaultConfigurationName = Release;
		};
/* End XCConfigurationList section */
	};
	rootObject = BCB54DD5164291F8003A59DF /* Project object */;
}
